
Microsoft Visual Studio Solution File, Format Version 12.00
# Visual Studio Version 17
VisualStudioVersion = 17.1.32421.90
MinimumVisualStudioVersion = 10.0.40219.1
Project("{9A19103F-16F7-4668-BE54-9A1E7A4F7556}") = "UsersAPI.Services", "UsersAPI.Services\UsersAPI.Services.csproj", "{86472D31-19A2-4A25-A242-4BDC520D6DF3}"
EndProject
Project("{2150E333-8FDC-42A3-9474-1A3956D46DE8}") = "API", "API", "{839E35B5-A27E-450B-9DF8-AECC70090794}"
EndProject
Project("{2150E333-8FDC-42A3-9474-1A3956D46DE8}") = "DDD", "DDD", "{444D0F67-8BCF-4617-9666-04838BF842B1}"
EndProject
Project("{2150E333-8FDC-42A3-9474-1A3956D46DE8}") = "Tests", "Tests", "{8E6F6F5C-7418-40EB-A4CA-FED335323021}"
EndProject
Project("{2150E333-8FDC-42A3-9474-1A3956D46DE8}") = "Application", "Application", "{DACA29EC-F6B7-4579-828F-D50725C1F7C1}"
EndProject
Project("{2150E333-8FDC-42A3-9474-1A3956D46DE8}") = "Domain", "Domain", "{8E6E413E-FB0B-42B6-A268-2AA8A2EB1A0F}"
EndProject
Project("{2150E333-8FDC-42A3-9474-1A3956D46DE8}") = "InfraStructure", "InfraStructure", "{F6CA54D7-F44D-4D34-81BB-3C1365CD37EB}"
EndProject
Project("{FAE04EC0-301F-11D3-BF4B-00C04F79EFBC}") = "UsersAPI.Application", "UsersAPI.Application\UsersAPI.Application.csproj", "{1F7BB3EA-7C87-44D7-87A1-46FEA619EBBE}"
EndProject
Project("{FAE04EC0-301F-11D3-BF4B-00C04F79EFBC}") = "UsersAPI.Domain", "UsersAPI.Domain\UsersAPI.Domain.csproj", "{F4624C70-2A7A-475B-B5EC-B25430CC0DAB}"
EndProject
Project("{FAE04EC0-301F-11D3-BF4B-00C04F79EFBC}") = "UsersAPI.Infra.Data", "UsersAPI.Infra.Data\UsersAPI.Infra.Data.csproj", "{1F0D0B35-AE03-4B03-8E1F-537A90F61A89}"
EndProject
Project("{FAE04EC0-301F-11D3-BF4B-00C04F79EFBC}") = "UsersAPI.Tests", "UsersAPI.Tests\UsersAPI.Tests.csproj", "{E8919155-41BA-455B-81E1-258FE9857125}"
EndProject
Global
	GlobalSection(SolutionConfigurationPlatforms) = preSolution
		Debug|Any CPU = Debug|Any CPU
		Release|Any CPU = Release|Any CPU
	EndGlobalSection
	GlobalSection(ProjectConfigurationPlatforms) = postSolution
		{86472D31-19A2-4A25-A242-4BDC520D6DF3}.Debug|Any CPU.ActiveCfg = Debug|Any CPU
		{86472D31-19A2-4A25-A242-4BDC520D6DF3}.Debug|Any CPU.Build.0 = Debug|Any CPU
		{86472D31-19A2-4A25-A242-4BDC520D6DF3}.Release|Any CPU.ActiveCfg = Release|Any CPU
		{86472D31-19A2-4A25-A242-4BDC520D6DF3}.Release|Any CPU.Build.0 = Release|Any CPU
		{1F7BB3EA-7C87-44D7-87A1-46FEA619EBBE}.Debug|Any CPU.ActiveCfg = Debug|Any CPU
		{1F7BB3EA-7C87-44D7-87A1-46FEA619EBBE}.Debug|Any CPU.Build.0 = Debug|Any CPU
		{1F7BB3EA-7C87-44D7-87A1-46FEA619EBBE}.Release|Any CPU.ActiveCfg = Release|Any CPU
		{1F7BB3EA-7C87-44D7-87A1-46FEA619EBBE}.Release|Any CPU.Build.0 = Release|Any CPU
		{F4624C70-2A7A-475B-B5EC-B25430CC0DAB}.Debug|Any CPU.ActiveCfg = Debug|Any CPU
		{F4624C70-2A7A-475B-B5EC-B25430CC0DAB}.Debug|Any CPU.Build.0 = Debug|Any CPU
		{F4624C70-2A7A-475B-B5EC-B25430CC0DAB}.Release|Any CPU.ActiveCfg = Release|Any CPU
		{F4624C70-2A7A-475B-B5EC-B25430CC0DAB}.Release|Any CPU.Build.0 = Release|Any CPU
		{1F0D0B35-AE03-4B03-8E1F-537A90F61A89}.Debug|Any CPU.ActiveCfg = Debug|Any CPU
		{1F0D0B35-AE03-4B03-8E1F-537A90F61A89}.Debug|Any CPU.Build.0 = Debug|Any CPU
		{1F0D0B35-AE03-4B03-8E1F-537A90F61A89}.Release|Any CPU.ActiveCfg = Release|Any CPU
		{1F0D0B35-AE03-4B03-8E1F-537A90F61A89}.Release|Any CPU.Build.0 = Release|Any CPU
		{E8919155-41BA-455B-81E1-258FE9857125}.Debug|Any CPU.ActiveCfg = Debug|Any CPU
		{E8919155-41BA-455B-81E1-258FE9857125}.Debug|Any CPU.Build.0 = Debug|Any CPU
		{E8919155-41BA-455B-81E1-258FE9857125}.Release|Any CPU.ActiveCfg = Release|Any CPU
		{E8919155-41BA-455B-81E1-258FE9857125}.Release|Any CPU.Build.0 = Release|Any CPU
	EndGlobalSection
	GlobalSection(SolutionProperties) = preSolution
		HideSolutionNode = FALSE
	EndGlobalSection
	GlobalSection(NestedProjects) = preSolution
		{86472D31-19A2-4A25-A242-4BDC520D6DF3} = {839E35B5-A27E-450B-9DF8-AECC70090794}
		{DACA29EC-F6B7-4579-828F-D50725C1F7C1} = {444D0F67-8BCF-4617-9666-04838BF842B1}
		{8E6E413E-FB0B-42B6-A268-2AA8A2EB1A0F} = {444D0F67-8BCF-4617-9666-04838BF842B1}
		{F6CA54D7-F44D-4D34-81BB-3C1365CD37EB} = {444D0F67-8BCF-4617-9666-04838BF842B1}
		{1F7BB3EA-7C87-44D7-87A1-46FEA619EBBE} = {DACA29EC-F6B7-4579-828F-D50725C1F7C1}
		{F4624C70-2A7A-475B-B5EC-B25430CC0DAB} = {8E6E413E-FB0B-42B6-A268-2AA8A2EB1A0F}
		{1F0D0B35-AE03-4B03-8E1F-537A90F61A89} = {F6CA54D7-F44D-4D34-81BB-3C1365CD37EB}
		{E8919155-41BA-455B-81E1-258FE9857125} = {8E6F6F5C-7418-40EB-A4CA-FED335323021}
	EndGlobalSection
	GlobalSection(ExtensibilityGlobals) = postSolution
		SolutionGuid = {98D82081-E94D-4768-ADE8-07B823F78884}
	EndGlobalSection
EndGlobal
